
Microsoft Visual Studio Solution File, Format Version 12.00
# Visual Studio Version 17
VisualStudioVersion = 17.10.34928.147
MinimumVisualStudioVersion = 10.0.40219.1
Project("{9A19103F-16F7-4668-BE54-9A1E7A4F7556}") = "Messenger.Api", "Messenger.Api\Messenger.Api.csproj", "{A476F0DF-20C5-480E-BFB4-30992BD7361B}"
EndProject
Project("{9A19103F-16F7-4668-BE54-9A1E7A4F7556}") = "Messenger.Business", "Messenger.Business\Messenger.Business.csproj", "{C8AEDF8A-AB06-489B-A8C7-ED0CFF1FC413}"
EndProject
Project("{9A19103F-16F7-4668-BE54-9A1E7A4F7556}") = "Messenger.Infrastructure", "Messenger.Infrastructure\Messenger.Infrastructure.csproj", "{0FA36CE0-A46C-490F-AB4B-83C5A4297DE6}"
EndProject
Project("{2150E333-8FDC-42A3-9474-1A3956D46DE8}") = "tests", "tests", "{296462AE-216E-453F-A853-FF77AC3B4FFF}"
EndProject
Project("{2150E333-8FDC-42A3-9474-1A3956D46DE8}") = "src", "src", "{064ABCD5-173B-450A-80E1-215923B5EDDC}"
EndProject
Project("{9A19103F-16F7-4668-BE54-9A1E7A4F7556}") = "Messenger.Business.Tests", "Messenger.Business.Tests\Messenger.Business.Tests.csproj", "{6601F172-CC68-4C99-A0BB-2A1DF311A19D}"
EndProject
Project("{2150E333-8FDC-42A3-9474-1A3956D46DE8}") = "services", "services", "{8C6BD2A5-FE31-4719-8B79-8A12AE2576CD}"
EndProject
Project("{9A19103F-16F7-4668-BE54-9A1E7A4F7556}") = "Messenger.Image.Api", "Messenger.Image.Service\Messenger.Image.Api.csproj", "{E2363C22-2F7C-4C72-B58E-9FCBF9FE3013}"
EndProject
Project("{2150E333-8FDC-42A3-9474-1A3956D46DE8}") = "ImageService", "ImageService", "{97E23943-9D12-47BB-AF44-6B985484CA16}"
EndProject
Project("{9A19103F-16F7-4668-BE54-9A1E7A4F7556}") = "Messanger.Image.Client", "Messenger.Client\Messanger.Image.Client.csproj", "{47A69A99-1144-4637-A1CF-E2E9D3B160E9}"
EndProject
Project("{2150E333-8FDC-42A3-9474-1A3956D46DE8}") = "shared", "shared", "{BDFB52FC-3C9F-4AF1-9C7A-FBA9DBBAD6B2}"
EndProject
Project("{9A19103F-16F7-4668-BE54-9A1E7A4F7556}") = "Messenger.Shared", "Messenger.Shared\Messenger.Shared.csproj", "{D33AFB6D-F481-42CF-9F03-859FB3955EE3}"
EndProject
Project("{E53339B2-1760-4266-BCC7-CA923CBCF16C}") = "docker-compose", "docker-compose.dcproj", "{EEBDC4FC-8F89-49FE-8482-127E40A31409}"
EndProject
Global
	GlobalSection(SolutionConfigurationPlatforms) = preSolution
		Debug|Any CPU = Debug|Any CPU
		Release|Any CPU = Release|Any CPU
	EndGlobalSection
	GlobalSection(ProjectConfigurationPlatforms) = postSolution
		{A476F0DF-20C5-480E-BFB4-30992BD7361B}.Debug|Any CPU.ActiveCfg = Debug|Any CPU
		{A476F0DF-20C5-480E-BFB4-30992BD7361B}.Debug|Any CPU.Build.0 = Debug|Any CPU
		{A476F0DF-20C5-480E-BFB4-30992BD7361B}.Release|Any CPU.ActiveCfg = Release|Any CPU
		{A476F0DF-20C5-480E-BFB4-30992BD7361B}.Release|Any CPU.Build.0 = Release|Any CPU
		{C8AEDF8A-AB06-489B-A8C7-ED0CFF1FC413}.Debug|Any CPU.ActiveCfg = Debug|Any CPU
		{C8AEDF8A-AB06-489B-A8C7-ED0CFF1FC413}.Debug|Any CPU.Build.0 = Debug|Any CPU
		{C8AEDF8A-AB06-489B-A8C7-ED0CFF1FC413}.Release|Any CPU.ActiveCfg = Release|Any CPU
		{C8AEDF8A-AB06-489B-A8C7-ED0CFF1FC413}.Release|Any CPU.Build.0 = Release|Any CPU
		{0FA36CE0-A46C-490F-AB4B-83C5A4297DE6}.Debug|Any CPU.ActiveCfg = Debug|Any CPU
		{0FA36CE0-A46C-490F-AB4B-83C5A4297DE6}.Debug|Any CPU.Build.0 = Debug|Any CPU
		{0FA36CE0-A46C-490F-AB4B-83C5A4297DE6}.Release|Any CPU.ActiveCfg = Release|Any CPU
		{0FA36CE0-A46C-490F-AB4B-83C5A4297DE6}.Release|Any CPU.Build.0 = Release|Any CPU
		{6601F172-CC68-4C99-A0BB-2A1DF311A19D}.Debug|Any CPU.ActiveCfg = Debug|Any CPU
		{6601F172-CC68-4C99-A0BB-2A1DF311A19D}.Debug|Any CPU.Build.0 = Debug|Any CPU
		{6601F172-CC68-4C99-A0BB-2A1DF311A19D}.Release|Any CPU.ActiveCfg = Release|Any CPU
		{6601F172-CC68-4C99-A0BB-2A1DF311A19D}.Release|Any CPU.Build.0 = Release|Any CPU
		{E2363C22-2F7C-4C72-B58E-9FCBF9FE3013}.Debug|Any CPU.ActiveCfg = Debug|Any CPU
		{E2363C22-2F7C-4C72-B58E-9FCBF9FE3013}.Debug|Any CPU.Build.0 = Debug|Any CPU
		{E2363C22-2F7C-4C72-B58E-9FCBF9FE3013}.Release|Any CPU.ActiveCfg = Release|Any CPU
		{E2363C22-2F7C-4C72-B58E-9FCBF9FE3013}.Release|Any CPU.Build.0 = Release|Any CPU
		{47A69A99-1144-4637-A1CF-E2E9D3B160E9}.Debug|Any CPU.ActiveCfg = Debug|Any CPU
		{47A69A99-1144-4637-A1CF-E2E9D3B160E9}.Debug|Any CPU.Build.0 = Debug|Any CPU
		{47A69A99-1144-4637-A1CF-E2E9D3B160E9}.Release|Any CPU.ActiveCfg = Release|Any CPU
		{47A69A99-1144-4637-A1CF-E2E9D3B160E9}.Release|Any CPU.Build.0 = Release|Any CPU
		{D33AFB6D-F481-42CF-9F03-859FB3955EE3}.Debug|Any CPU.ActiveCfg = Debug|Any CPU
		{D33AFB6D-F481-42CF-9F03-859FB3955EE3}.Debug|Any CPU.Build.0 = Debug|Any CPU
		{D33AFB6D-F481-42CF-9F03-859FB3955EE3}.Release|Any CPU.ActiveCfg = Release|Any CPU
		{D33AFB6D-F481-42CF-9F03-859FB3955EE3}.Release|Any CPU.Build.0 = Release|Any CPU
		{EEBDC4FC-8F89-49FE-8482-127E40A31409}.Debug|Any CPU.ActiveCfg = Debug|Any CPU
		{EEBDC4FC-8F89-49FE-8482-127E40A31409}.Debug|Any CPU.Build.0 = Debug|Any CPU
		{EEBDC4FC-8F89-49FE-8482-127E40A31409}.Release|Any CPU.ActiveCfg = Release|Any CPU
		{EEBDC4FC-8F89-49FE-8482-127E40A31409}.Release|Any CPU.Build.0 = Release|Any CPU
	EndGlobalSection
	GlobalSection(SolutionProperties) = preSolution
		HideSolutionNode = FALSE
	EndGlobalSection
	GlobalSection(NestedProjects) = preSolution
		{A476F0DF-20C5-480E-BFB4-30992BD7361B} = {064ABCD5-173B-450A-80E1-215923B5EDDC}
		{C8AEDF8A-AB06-489B-A8C7-ED0CFF1FC413} = {064ABCD5-173B-450A-80E1-215923B5EDDC}
		{0FA36CE0-A46C-490F-AB4B-83C5A4297DE6} = {064ABCD5-173B-450A-80E1-215923B5EDDC}
		{6601F172-CC68-4C99-A0BB-2A1DF311A19D} = {296462AE-216E-453F-A853-FF77AC3B4FFF}
		{E2363C22-2F7C-4C72-B58E-9FCBF9FE3013} = {97E23943-9D12-47BB-AF44-6B985484CA16}
		{97E23943-9D12-47BB-AF44-6B985484CA16} = {8C6BD2A5-FE31-4719-8B79-8A12AE2576CD}
		{47A69A99-1144-4637-A1CF-E2E9D3B160E9} = {97E23943-9D12-47BB-AF44-6B985484CA16}
		{D33AFB6D-F481-42CF-9F03-859FB3955EE3} = {BDFB52FC-3C9F-4AF1-9C7A-FBA9DBBAD6B2}
	EndGlobalSection
	GlobalSection(ExtensibilityGlobals) = postSolution
		SolutionGuid = {395EA2A2-4AC0-4A30-A3D0-DE223D8095C5}
	EndGlobalSection
EndGlobal
